# This file is automatically @generated by Poetry 1.8.3 and should not be changed by hand.

[[package]]
name = "kaitaistruct"
version = "0.10"
description = "Kaitai Struct declarative parser generator for binary data: runtime library for Python"
optional = false
python-versions = "!=3.0.*,!=3.1.*,!=3.2.*,!=3.3.*,>=2.7"
files = [
    {file = "kaitaistruct-0.10-py2.py3-none-any.whl", hash = "sha256:a97350919adbf37fda881f75e9365e2fb88d04832b7a4e57106ec70119efb235"},
    {file = "kaitaistruct-0.10.tar.gz", hash = "sha256:a044dee29173d6afbacf27bcac39daf89b654dd418cfa009ab82d9178a9ae52a"},
]

[metadata]
lock-version = "2.0"
python-versions = "^3.9"
content-hash = "5882afb8e6c03b635eed2889860809fb547aa60b5096965ec9ffe48d753deec0"
